// !$*UTF8*$!
{
	archiveVersion = 1;
	classes = {
	};
	objectVersion = 50;
	objects = {

/* Begin PBXBuildFile section */
		A13D01B824F0C0C900A56B70 /* AppDelegate.swift in Sources */ = {isa = PBXBuildFile; fileRef = A13D01B724F0C0C900A56B70 /* AppDelegate.swift */; };
		A13D01BA24F0C0C900A56B70 /* SceneDelegate.swift in Sources */ = {isa = PBXBuildFile; fileRef = A13D01B924F0C0C900A56B70 /* SceneDelegate.swift */; };
		A13D01BC24F0C0C900A56B70 /* ViewController.swift in Sources */ = {isa = PBXBuildFile; fileRef = A13D01BB24F0C0C900A56B70 /* ViewController.swift */; };
		A13D01BF24F0C0C900A56B70 /* Main.storyboard in Resources */ = {isa = PBXBuildFile; fileRef = A13D01BD24F0C0C900A56B70 /* Main.storyboard */; };
		A13D01C124F0C0CA00A56B70 /* Assets.xcassets in Resources */ = {isa = PBXBuildFile; fileRef = A13D01C024F0C0CA00A56B70 /* Assets.xcassets */; };
		A13D01C424F0C0CA00A56B70 /* LaunchScreen.storyboard in Resources */ = {isa = PBXBuildFile; fileRef = A13D01C224F0C0CA00A56B70 /* LaunchScreen.storyboard */; };
/* End PBXBuildFile section */

/* Begin PBXFileReference section */
		A13D01B424F0C0C900A56B70 /* RiversCalendar.app */ = {isa = PBXFileReference; explicitFileType = wrapper.application; includeInIndex = 0; path = RiversCalendar.app; sourceTree = BUILT_PRODUCTS_DIR; };
		A13D01B724F0C0C900A56B70 /* AppDelegate.swift */ = {isa = PBXFileReference; lastKnownFileType = sourcecode.swift; path = AppDelegate.swift; sourceTree = "<group>"; };
		A13D01B924F0C0C900A56B70 /* SceneDelegate.swift */ = {isa = PBXFileReference; lastKnownFileType = sourcecode.swift; path = SceneDelegate.swift; sourceTree = "<group>"; };
		A13D01BB24F0C0C900A56B70 /* ViewController.swift */ = {isa = PBXFileReference; lastKnownFileType = sourcecode.swift; path = ViewController.swift; sourceTree = "<group>"; };
		A13D01BE24F0C0C900A56B70 /* Base */ = {isa = PBXFileReference; lastKnownFileType = file.storyboard; name = Base; path = Base.lproj/Main.storyboard; sourceTree = "<group>"; };
		A13D01C024F0C0CA00A56B70 /* Assets.xcassets */ = {isa = PBXFileReference; lastKnownFileType = folder.assetcatalog; path = Assets.xcassets; sourceTree = "<group>"; };
		A13D01C324F0C0CA00A56B70 /* Base */ = {isa = PBXFileReference; lastKnownFileType = file.storyboard; name = Base; path = Base.lproj/LaunchScreen.storyboard; sourceTree = "<group>"; };
		A13D01C524F0C0CA00A56B70 /* Info.plist */ = {isa = PBXFileReference; lastKnownFileType = text.plist.xml; path = Info.plist; sourceTree = "<group>"; };
/* End PBXFileReference section */

/* Begin PBXFrameworksBuildPhase section */
		A13D01B124F0C0C900A56B70 /* Frameworks */ = {
			isa = PBXFrameworksBuildPhase;
			buildActionMask = 2147483647;
			files = (
			);
			runOnlyForDeploymentPostprocessing = 0;
		};
/* End PBXFrameworksBuildPhase section */

/* Begin PBXGroup section */
		A13D01AB24F0C0C900A56B70 = {
			isa = PBXGroup;
			children = (
				A13D01B624F0C0C900A56B70 /* RiversCalendar */,
				A13D01B524F0C0C900A56B70 /* Products */,
			);
			sourceTree = "<group>";
		};
		A13D01B524F0C0C900A56B70 /* Products */ = {
			isa = PBXGroup;
			children = (
				A13D01B424F0C0C900A56B70 /* RiversCalendar.app */,
			);
			name = Products;
			sourceTree = "<group>";
		};
		A13D01B624F0C0C900A56B70 /* RiversCalendar */ = {
			isa = PBXGroup;
			children = (
				A13D01B724F0C0C900A56B70 /* AppDelegate.swift */,
				A13D01B924F0C0C900A56B70 /* SceneDelegate.swift */,
				A13D01BB24F0C0C900A56B70 /* ViewController.swift */,
				A13D01BD24F0C0C900A56B70 /* Main.storyboard */,
				A13D01C024F0C0CA00A56B70 /* Assets.xcassets */,
				A13D01C224F0C0CA00A56B70 /* LaunchScreen.storyboard */,
				A13D01C524F0C0CA00A56B70 /* Info.plist */,
			);
			path = RiversCalendar;
			sourceTree = "<group>";
		};
/* End PBXGroup section */

/* Begin PBXNativeTarget section */
		A13D01B324F0C0C900A56B70 /* RiversCalendar */ = {
			isa = PBXNativeTarget;
			buildConfigurationList = A13D01C824F0C0CA00A56B70 /* Build configuration list for PBXNativeTarget "RiversCalendar" */;
			buildPhases = (
				A13D01B024F0C0C900A56B70 /* Sources */,
				A13D01B124F0C0C900A56B70 /* Frameworks */,
				A13D01B224F0C0C900A56B70 /* Resources */,
			);
			buildRules = (
			);
			dependencies = (
			);
			name = RiversCalendar;
			productName = RiversCalendar;
			productReference = A13D01B424F0C0C900A56B70 /* RiversCalendar.app */;
			productType = "com.apple.product-type.application";
		};
/* End PBXNativeTarget section */

/* Begin PBXProject section */
		A13D01AC24F0C0C900A56B70 /* Project object */ = {
			isa = PBXProject;
			attributes = {
				LastSwiftUpdateCheck = 1160;
				LastUpgradeCheck = 1160;
				ORGANIZATIONNAME = "Andy Shen";
				TargetAttributes = {
					A13D01B324F0C0C900A56B70 = {
						CreatedOnToolsVersion = 11.6;
					};
				};
			};
			buildConfigurationList = A13D01AF24F0C0C900A56B70 /* Build configuration list for PBXProject "RiversCalendar" */;
			compatibilityVersion = "Xcode 9.3";
			developmentRegion = en;
			hasScannedForEncodings = 0;
			knownRegions = (
				en,
				Base,
			);
			mainGroup = A13D01AB24F0C0C900A56B70;
			productRefGroup = A13D01B524F0C0C900A56B70 /* Products */;
			projectDirPath = "";
			projectRoot = "";
			targets = (
				A13D01B324F0C0C900A56B70 /* RiversCalendar */,
			);
		};
/* End PBXProject section */

/* Begin PBXResourcesBuildPhase section */
		A13D01B224F0C0C900A56B70 /* Resources */ = {
			isa = PBXResourcesBuildPhase;
			buildActionMask = 2147483647;
			files = (
				A13D01C424F0C0CA00A56B70 /* LaunchScreen.storyboard in Resources */,
				A13D01C124F0C0CA00A56B70 /* Assets.xcassets in Resources */,
				A13D01BF24F0C0C900A56B70 /* Main.storyboard in Resources */,
			);
			runOnlyForDeploymentPostprocessing = 0;
		};
/* End PBXResourcesBuildPhase section */

/* Begin PBXSourcesBuildPhase section */
		A13D01B024F0C0C900A56B70 /* Sources */ = {
			isa = PBXSourcesBuildPhase;
			buildActionMask = 2147483647;
			files = (
				A13D01BC24F0C0C900A56B70 /* ViewController.swift in Sources */,
				A13D01B824F0C0C900A56B70 /* AppDelegate.swift in Sources */,
				A13D01BA24F0C0C900A56B70 /* SceneDelegate.swift in Sources */,
			);
			runOnlyForDeploymentPostprocessing = 0;
		};
/* End PBXSourcesBuildPhase section */

/* Begin PBXVariantGroup section */
		A13D01BD24F0C0C900A56B70 /* Main.storyboard */ = {
			isa = PBXVariantGroup;
			children = (
				A13D01BE24F0C0C900A56B70 /* Base */,
			);
			name = Main.storyboard;
			sourceTree = "<group>";
		};
		A13D01C224F0C0CA00A56B70 /* LaunchScreen.storyboard */ = {
			isa = PBXVariantGroup;
			children = (
				A13D01C324F0C0CA00A56B70 /* Base */,
			);
			name = LaunchScreen.storyboard;
			sourceTree = "<group>";
		};
/* End PBXVariantGroup section */

/* Begin XCBuildConfiguration section */
		A13D01C624F0C0CA00A56B70 /* Debug */ = {
			isa = XCBuildConfiguration;
			buildSettings = {
				ALWAYS_SEARCH_USER_PATHS = NO;
				CLANG_ANALYZER_NONNULL = YES;
				CLANG_ANALYZER_NUMBER_OBJECT_CONVERSION = YES_AGGRESSIVE;
				CLANG_CXX_LANGUAGE_STANDARD = "gnu++14";
				CLANG_CXX_LIBRARY = "libc++";
				CLANG_ENABLE_MODULES = YES;
				CLANG_ENABLE_OBJC_ARC = YES;
				CLANG_ENABLE_OBJC_WEAK = YES;
				CLANG_WARN_BLOCK_CAPTURE_AUTORELEASING = YES;
				CLANG_WARN_BOOL_CONVERSION = YES;
				CLANG_WARN_COMMA = YES;
				CLANG_WARN_CONSTANT_CONVERSION = YES;
				CLANG_WARN_DEPRECATED_OBJC_IMPLEMENTATIONS = YES;
				CLANG_WARN_DIRECT_OBJC_ISA_USAGE = YES_ERROR;
				CLANG_WARN_DOCUMENTATION_COMMENTS = YES;
				CLANG_WARN_EMPTY_BODY = YES;
				CLANG_WARN_ENUM_CONVERSION = YES;
				CLANG_WARN_INFINITE_RECURSION = YES;
				CLANG_WARN_INT_CONVERSION = YES;
				CLANG_WARN_NON_LITERAL_NULL_CONVERSION = YES;
				CLANG_WARN_OBJC_IMPLICIT_RETAIN_SELF = YES;
				CLANG_WARN_OBJC_LITERAL_CONVERSION = YES;
				CLANG_WARN_OBJC_ROOT_CLASS = YES_ERROR;
				CLANG_WARN_RANGE_LOOP_ANALYSIS = YES;
				CLANG_WARN_STRICT_PROTOTYPES = YES;
				CLANG_WARN_SUSPICIOUS_MOVE = YES;
				CLANG_WARN_UNGUARDED_AVAILABILITY = YES_AGGRESSIVE;
				CLANG_WARN_UNREACHABLE_CODE = YES;
				CLANG_WARN__DUPLICATE_METHOD_MATCH = YES;
				COPY_PHASE_STRIP = NO;
				DEBUG_INFORMATION_FORMAT = dwarf;
				ENABLE_STRICT_OBJC_MSGSEND = YES;
				ENABLE_TESTABILITY = YES;
				GCC_C_LANGUAGE_STANDARD = gnu11;
				GCC_DYNAMIC_NO_PIC = NO;
				GCC_NO_COMMON_BLOCKS = YES;
				GCC_OPTIMIZATION_LEVEL = 0;
				GCC_PREPROCESSOR_DEFINITIONS = (
					"DEBUG=1",
					"$(inherited)",
				);
				GCC_WARN_64_TO_32_BIT_CONVERSION = YES;
				GCC_WARN_ABOUT_RETURN_TYPE = YES_ERROR;
				GCC_WARN_UNDECLARED_SELECTOR = YES;
				GCC_WARN_UNINITIALIZED_AUTOS = YES_AGGRESSIVE;
				GCC_WARN_UNUSED_FUNCTION = YES;
				GCC_WARN_UNUSED_VARIABLE = YES;
				IPHONEOS_DEPLOYMENT_TARGET = 13.6;
				MTL_ENABLE_DEBUG_INFO = INCLUDE_SOURCE;
				MTL_FAST_MATH = YES;
				ONLY_ACTIVE_ARCH = YES;
				SDKROOT = iphoneos;
				SWIFT_ACTIVE_COMPILATION_CONDITIONS = DEBUG;
				SWIFT_OPTIMIZATION_LEVEL = "-Onone";
			};
			name = Debug;
		};
		A13D01C724F0C0CA00A56B70 /* Release */ = {
			isa = XCBuildConfiguration;
			buildSettings = {
				ALWAYS_SEARCH_USER_PATHS = NO;
				CLANG_ANALYZER_NONNULL = YES;
				CLANG_ANALYZER_NUMBER_OBJECT_CONVERSION = YES_AGGRESSIVE;
				CLANG_CXX_LANGUAGE_STANDARD = "gnu++14";
				CLANG_CXX_LIBRARY = "libc++";
				CLANG_ENABLE_MODULES = YES;
				CLANG_ENABLE_OBJC_ARC = YES;
				CLANG_ENABLE_OBJC_WEAK = YES;
				CLANG_WARN_BLOCK_CAPTURE_AUTORELEASING = YES;
				CLANG_WARN_BOOL_CONVERSION = YES;
				CLANG_WARN_COMMA = YES;
				CLANG_WARN_CONSTANT_CONVERSION = YES;
				CLANG_WARN_DEPRECATED_OBJC_IMPLEMENTATIONS = YES;
				CLANG_WARN_DIRECT_OBJC_ISA_USAGE = YES_ERROR;
				CLANG_WARN_DOCUMENTATION_COMMENTS = YES;
				CLANG_WARN_EMPTY_BODY = YES;
				CLANG_WARN_ENUM_CONVERSION = YES;
				CLANG_WARN_INFINITE_RECURSION = YES;
				CLANG_WARN_INT_CONVERSION = YES;
				CLANG_WARN_NON_LITERAL_NULL_CONVERSION = YES;
				CLANG_WARN_OBJC_IMPLICIT_RETAIN_SELF = YES;
				CLANG_WARN_OBJC_LITERAL_CONVERSION = YES;
				CLANG_WARN_OBJC_ROOT_CLASS = YES_ERROR;
				CLANG_WARN_RANGE_LOOP_ANALYSIS = YES;
				CLANG_WARN_STRICT_PROTOTYPES = YES;
				CLANG_WARN_SUSPICIOUS_MOVE = YES;
				CLANG_WARN_UNGUARDED_AVAILABILITY = YES_AGGRESSIVE;
				CLANG_WARN_UNREACHABLE_CODE = YES;
				CLANG_WARN__DUPLICATE_METHOD_MATCH = YES;
				COPY_PHASE_STRIP = NO;
				DEBUG_INFORMATION_FORMAT = "dwarf-with-dsym";
				ENABLE_NS_ASSERTIONS = NO;
				ENABLE_STRICT_OBJC_MSGSEND = YES;
				GCC_C_LANGUAGE_STANDARD = gnu11;
				GCC_NO_COMMON_BLOCKS = YES;
				GCC_WARN_64_TO_32_BIT_CONVERSION = YES;
				GCC_WARN_ABOUT_RETURN_TYPE = YES_ERROR;
				GCC_WARN_UNDECLARED_SELECTOR = YES;
				GCC_WARN_UNINITIALIZED_AUTOS = YES_AGGRESSIVE;
				GCC_WARN_UNUSED_FUNCTION = YES;
				GCC_WARN_UNUSED_VARIABLE = YES;
				IPHONEOS_DEPLOYMENT_TARGET = 13.6;
				MTL_ENABLE_DEBUG_INFO = NO;
				MTL_FAST_MATH = YES;
				SDKROOT = iphoneos;
				SWIFT_COMPILATION_MODE = wholemodule;
				SWIFT_OPTIMIZATION_LEVEL = "-O";
				VALIDATE_PRODUCT = YES;
			};
			name = Release;
		};
		A13D01C924F0C0CA00A56B70 /* Debug */ = {
			isa = XCBuildConfiguration;
			buildSettings = {
				ASSETCATALOG_COMPILER_APPICON_NAME = AppIcon;
				CODE_SIGN_STYLE = Automatic;
				INFOPLIST_FILE = RiversCalendar/Info.plist;
				LD_RUNPATH_SEARCH_PATHS = (
					"$(inherited)",
					"@executable_path/Frameworks",
				);
				PRODUCT_BUNDLE_IDENTIFIER = ashen.RiversCalendar;
				PRODUCT_NAME = "$(TARGET_NAME)";
				SWIFT_VERSION = 5.0;
				TARGETED_DEVICE_FAMILY = "1,2";
			};
			name = Debug;
		};
		A13D01CA24F0C0CA00A56B70 /* Release */ = {
			isa = XCBuildConfiguration;
			buildSettings = {
				ASSETCATALOG_COMPILER_APPICON_NAME = AppIcon;
				CODE_SIGN_STYLE = Automatic;
				INFOPLIST_FILE = RiversCalendar/Info.plist;
				LD_RUNPATH_SEARCH_PATHS = (
					"$(inherited)",
					"@executable_path/Frameworks",
				);
				PRODUCT_BUNDLE_IDENTIFIER = ashen.RiversCalendar;
				PRODUCT_NAME = "$(TARGET_NAME)";
				SWIFT_VERSION = 5.0;
				TARGETED_DEVICE_FAMILY = "1,2";
			};
			name = Release;
		};
/* End XCBuildConfiguration section */

/* Begin XCConfigurationList section */
		A13D01AF24F0C0C900A56B70 /* Build configuration list for PBXProject "RiversCalendar" */ = {
			isa = XCConfigurationList;
			buildConfigurations = (
				A13D01C624F0C0CA00A56B70 /* Debug */,
				A13D01C724F0C0CA00A56B70 /* Release */,
			);
			defaultConfigurationIsVisible = 0;
			defaultConfigurationName = Release;
		};
		A13D01C824F0C0CA00A56B70 /* Build configuration list for PBXNativeTarget "RiversCalendar" */ = {
			isa = XCConfigurationList;
			buildConfigurations = (
				A13D01C924F0C0CA00A56B70 /* Debug */,
				A13D01CA24F0C0CA00A56B70 /* Release */,
			);
			defaultConfigurationIsVisible = 0;
			defaultConfigurationName = Release;
		};
/* End XCConfigurationList section */
	};
	rootObject = A13D01AC24F0C0C900A56B70 /* Project object */;
}
